
Microsoft Visual Studio Solution File, Format Version 12.00
# Visual Studio Version 17
VisualStudioVersion = 17.0.32112.339
MinimumVisualStudioVersion = 10.0.40219.1
Project("{9A19103F-16F7-4668-BE54-9A1E7A4F7556}") = "MoneyNoteAPI", "MoneyNoteAPI\MoneyNoteAPI.csproj", "{F13BBF09-1F59-4751-B10D-8A022757BE58}"
EndProject
Project("{9A19103F-16F7-4668-BE54-9A1E7A4F7556}") = "MoneyNoteBlazor", "MoneyNoteBlazor\MoneyNoteBlazor.csproj", "{D9FC3F8D-38DE-4D2C-9669-36ACF7CC3AD2}"
EndProject
Project("{9A19103F-16F7-4668-BE54-9A1E7A4F7556}") = "MoneyNoteLibrary5", "MoneyNoteLibrary5\MoneyNoteLibrary5.csproj", "{31262C64-FEC1-42CC-A850-30ABDF72458D}"
EndProject
Project("{9344BDBB-3E7F-41FC-A0DD-8665D75EE146}") = "MoneyNote", "MoneyNoteUWP\MoneyNote.csproj", "{180BC25D-7113-4573-AF42-312B74FB4F81}"
EndProject
Project("{FAE04EC0-301F-11D3-BF4B-00C04F79EFBC}") = "MoneyNoteMAUI", "MoneyNoteMAUI\MoneyNoteMAUI.csproj", "{8A9DBE73-4D31-4F5F-91BC-975DA2DF5339}"
EndProject
Global
	GlobalSection(SolutionConfigurationPlatforms) = preSolution
		Debug|Any CPU = Debug|Any CPU
		Debug|ARM = Debug|ARM
		Debug|ARM64 = Debug|ARM64
		Debug|x64 = Debug|x64
		Debug|x86 = Debug|x86
		Release|Any CPU = Release|Any CPU
		Release|ARM = Release|ARM
		Release|ARM64 = Release|ARM64
		Release|x64 = Release|x64
		Release|x86 = Release|x86
	EndGlobalSection
	GlobalSection(ProjectConfigurationPlatforms) = postSolution
		{F13BBF09-1F59-4751-B10D-8A022757BE58}.Debug|Any CPU.ActiveCfg = Debug|Any CPU
		{F13BBF09-1F59-4751-B10D-8A022757BE58}.Debug|Any CPU.Build.0 = Debug|Any CPU
		{F13BBF09-1F59-4751-B10D-8A022757BE58}.Debug|ARM.ActiveCfg = Debug|Any CPU
		{F13BBF09-1F59-4751-B10D-8A022757BE58}.Debug|ARM.Build.0 = Debug|Any CPU
		{F13BBF09-1F59-4751-B10D-8A022757BE58}.Debug|ARM64.ActiveCfg = Debug|Any CPU
		{F13BBF09-1F59-4751-B10D-8A022757BE58}.Debug|ARM64.Build.0 = Debug|Any CPU
		{F13BBF09-1F59-4751-B10D-8A022757BE58}.Debug|x64.ActiveCfg = Debug|Any CPU
		{F13BBF09-1F59-4751-B10D-8A022757BE58}.Debug|x64.Build.0 = Debug|Any CPU
		{F13BBF09-1F59-4751-B10D-8A022757BE58}.Debug|x86.ActiveCfg = Debug|Any CPU
		{F13BBF09-1F59-4751-B10D-8A022757BE58}.Debug|x86.Build.0 = Debug|Any CPU
		{F13BBF09-1F59-4751-B10D-8A022757BE58}.Release|Any CPU.ActiveCfg = Release|Any CPU
		{F13BBF09-1F59-4751-B10D-8A022757BE58}.Release|Any CPU.Build.0 = Release|Any CPU
		{F13BBF09-1F59-4751-B10D-8A022757BE58}.Release|ARM.ActiveCfg = Release|Any CPU
		{F13BBF09-1F59-4751-B10D-8A022757BE58}.Release|ARM.Build.0 = Release|Any CPU
		{F13BBF09-1F59-4751-B10D-8A022757BE58}.Release|ARM64.ActiveCfg = Release|Any CPU
		{F13BBF09-1F59-4751-B10D-8A022757BE58}.Release|ARM64.Build.0 = Release|Any CPU
		{F13BBF09-1F59-4751-B10D-8A022757BE58}.Release|x64.ActiveCfg = Release|Any CPU
		{F13BBF09-1F59-4751-B10D-8A022757BE58}.Release|x64.Build.0 = Release|Any CPU
		{F13BBF09-1F59-4751-B10D-8A022757BE58}.Release|x86.ActiveCfg = Release|Any CPU
		{F13BBF09-1F59-4751-B10D-8A022757BE58}.Release|x86.Build.0 = Release|Any CPU
		{D9FC3F8D-38DE-4D2C-9669-36ACF7CC3AD2}.Debug|Any CPU.ActiveCfg = Debug|Any CPU
		{D9FC3F8D-38DE-4D2C-9669-36ACF7CC3AD2}.Debug|Any CPU.Build.0 = Debug|Any CPU
		{D9FC3F8D-38DE-4D2C-9669-36ACF7CC3AD2}.Debug|ARM.ActiveCfg = Debug|Any CPU
		{D9FC3F8D-38DE-4D2C-9669-36ACF7CC3AD2}.Debug|ARM.Build.0 = Debug|Any CPU
		{D9FC3F8D-38DE-4D2C-9669-36ACF7CC3AD2}.Debug|ARM64.ActiveCfg = Debug|Any CPU
		{D9FC3F8D-38DE-4D2C-9669-36ACF7CC3AD2}.Debug|ARM64.Build.0 = Debug|Any CPU
		{D9FC3F8D-38DE-4D2C-9669-36ACF7CC3AD2}.Debug|x64.ActiveCfg = Debug|Any CPU
		{D9FC3F8D-38DE-4D2C-9669-36ACF7CC3AD2}.Debug|x64.Build.0 = Debug|Any CPU
		{D9FC3F8D-38DE-4D2C-9669-36ACF7CC3AD2}.Debug|x86.ActiveCfg = Debug|Any CPU
		{D9FC3F8D-38DE-4D2C-9669-36ACF7CC3AD2}.Debug|x86.Build.0 = Debug|Any CPU
		{D9FC3F8D-38DE-4D2C-9669-36ACF7CC3AD2}.Release|Any CPU.ActiveCfg = Release|Any CPU
		{D9FC3F8D-38DE-4D2C-9669-36ACF7CC3AD2}.Release|Any CPU.Build.0 = Release|Any CPU
		{D9FC3F8D-38DE-4D2C-9669-36ACF7CC3AD2}.Release|ARM.ActiveCfg = Release|Any CPU
		{D9FC3F8D-38DE-4D2C-9669-36ACF7CC3AD2}.Release|ARM.Build.0 = Release|Any CPU
		{D9FC3F8D-38DE-4D2C-9669-36ACF7CC3AD2}.Release|ARM64.ActiveCfg = Release|Any CPU
		{D9FC3F8D-38DE-4D2C-9669-36ACF7CC3AD2}.Release|ARM64.Build.0 = Release|Any CPU
		{D9FC3F8D-38DE-4D2C-9669-36ACF7CC3AD2}.Release|x64.ActiveCfg = Release|Any CPU
		{D9FC3F8D-38DE-4D2C-9669-36ACF7CC3AD2}.Release|x64.Build.0 = Release|Any CPU
		{D9FC3F8D-38DE-4D2C-9669-36ACF7CC3AD2}.Release|x86.ActiveCfg = Release|Any CPU
		{D9FC3F8D-38DE-4D2C-9669-36ACF7CC3AD2}.Release|x86.Build.0 = Release|Any CPU
		{31262C64-FEC1-42CC-A850-30ABDF72458D}.Debug|Any CPU.ActiveCfg = Debug|Any CPU
		{31262C64-FEC1-42CC-A850-30ABDF72458D}.Debug|Any CPU.Build.0 = Debug|Any CPU
		{31262C64-FEC1-42CC-A850-30ABDF72458D}.Debug|ARM.ActiveCfg = Debug|Any CPU
		{31262C64-FEC1-42CC-A850-30ABDF72458D}.Debug|ARM.Build.0 = Debug|Any CPU
		{31262C64-FEC1-42CC-A850-30ABDF72458D}.Debug|ARM64.ActiveCfg = Debug|Any CPU
		{31262C64-FEC1-42CC-A850-30ABDF72458D}.Debug|ARM64.Build.0 = Debug|Any CPU
		{31262C64-FEC1-42CC-A850-30ABDF72458D}.Debug|x64.ActiveCfg = Debug|Any CPU
		{31262C64-FEC1-42CC-A850-30ABDF72458D}.Debug|x64.Build.0 = Debug|Any CPU
		{31262C64-FEC1-42CC-A850-30ABDF72458D}.Debug|x86.ActiveCfg = Debug|Any CPU
		{31262C64-FEC1-42CC-A850-30ABDF72458D}.Debug|x86.Build.0 = Debug|Any CPU
		{31262C64-FEC1-42CC-A850-30ABDF72458D}.Release|Any CPU.ActiveCfg = Release|Any CPU
		{31262C64-FEC1-42CC-A850-30ABDF72458D}.Release|Any CPU.Build.0 = Release|Any CPU
		{31262C64-FEC1-42CC-A850-30ABDF72458D}.Release|ARM.ActiveCfg = Release|Any CPU
		{31262C64-FEC1-42CC-A850-30ABDF72458D}.Release|ARM.Build.0 = Release|Any CPU
		{31262C64-FEC1-42CC-A850-30ABDF72458D}.Release|ARM64.ActiveCfg = Release|Any CPU
		{31262C64-FEC1-42CC-A850-30ABDF72458D}.Release|ARM64.Build.0 = Release|Any CPU
		{31262C64-FEC1-42CC-A850-30ABDF72458D}.Release|x64.ActiveCfg = Release|Any CPU
		{31262C64-FEC1-42CC-A850-30ABDF72458D}.Release|x64.Build.0 = Release|Any CPU
		{31262C64-FEC1-42CC-A850-30ABDF72458D}.Release|x86.ActiveCfg = Release|Any CPU
		{31262C64-FEC1-42CC-A850-30ABDF72458D}.Release|x86.Build.0 = Release|Any CPU
		{180BC25D-7113-4573-AF42-312B74FB4F81}.Debug|Any CPU.ActiveCfg = Debug|x86
		{180BC25D-7113-4573-AF42-312B74FB4F81}.Debug|Any CPU.Build.0 = Debug|x86
		{180BC25D-7113-4573-AF42-312B74FB4F81}.Debug|Any CPU.Deploy.0 = Debug|x86
		{180BC25D-7113-4573-AF42-312B74FB4F81}.Debug|ARM.ActiveCfg = Debug|ARM
		{180BC25D-7113-4573-AF42-312B74FB4F81}.Debug|ARM.Build.0 = Debug|ARM
		{180BC25D-7113-4573-AF42-312B74FB4F81}.Debug|ARM.Deploy.0 = Debug|ARM
		{180BC25D-7113-4573-AF42-312B74FB4F81}.Debug|ARM64.ActiveCfg = Debug|ARM64
		{180BC25D-7113-4573-AF42-312B74FB4F81}.Debug|ARM64.Build.0 = Debug|ARM64
		{180BC25D-7113-4573-AF42-312B74FB4F81}.Debug|ARM64.Deploy.0 = Debug|ARM64
		{180BC25D-7113-4573-AF42-312B74FB4F81}.Debug|x64.ActiveCfg = Debug|x64
		{180BC25D-7113-4573-AF42-312B74FB4F81}.Debug|x64.Build.0 = Debug|x64
		{180BC25D-7113-4573-AF42-312B74FB4F81}.Debug|x64.Deploy.0 = Debug|x64
		{180BC25D-7113-4573-AF42-312B74FB4F81}.Debug|x86.ActiveCfg = Debug|x86
		{180BC25D-7113-4573-AF42-312B74FB4F81}.Debug|x86.Build.0 = Debug|x86
		{180BC25D-7113-4573-AF42-312B74FB4F81}.Debug|x86.Deploy.0 = Debug|x86
		{180BC25D-7113-4573-AF42-312B74FB4F81}.Release|Any CPU.ActiveCfg = Release|x86
		{180BC25D-7113-4573-AF42-312B74FB4F81}.Release|ARM.ActiveCfg = Release|ARM
		{180BC25D-7113-4573-AF42-312B74FB4F81}.Release|ARM.Build.0 = Release|ARM
		{180BC25D-7113-4573-AF42-312B74FB4F81}.Release|ARM.Deploy.0 = Release|ARM
		{180BC25D-7113-4573-AF42-312B74FB4F81}.Release|ARM64.ActiveCfg = Release|ARM64
		{180BC25D-7113-4573-AF42-312B74FB4F81}.Release|ARM64.Build.0 = Release|ARM64
		{180BC25D-7113-4573-AF42-312B74FB4F81}.Release|ARM64.Deploy.0 = Release|ARM64
		{180BC25D-7113-4573-AF42-312B74FB4F81}.Release|x64.ActiveCfg = Release|x64
		{180BC25D-7113-4573-AF42-312B74FB4F81}.Release|x64.Build.0 = Release|x64
		{180BC25D-7113-4573-AF42-312B74FB4F81}.Release|x64.Deploy.0 = Release|x64
		{180BC25D-7113-4573-AF42-312B74FB4F81}.Release|x86.ActiveCfg = Release|x86
		{180BC25D-7113-4573-AF42-312B74FB4F81}.Release|x86.Build.0 = Release|x86
		{180BC25D-7113-4573-AF42-312B74FB4F81}.Release|x86.Deploy.0 = Release|x86
		{8A9DBE73-4D31-4F5F-91BC-975DA2DF5339}.Debug|Any CPU.ActiveCfg = Debug|Any CPU
		{8A9DBE73-4D31-4F5F-91BC-975DA2DF5339}.Debug|Any CPU.Build.0 = Debug|Any CPU
		{8A9DBE73-4D31-4F5F-91BC-975DA2DF5339}.Debug|ARM.ActiveCfg = Debug|Any CPU
		{8A9DBE73-4D31-4F5F-91BC-975DA2DF5339}.Debug|ARM.Build.0 = Debug|Any CPU
		{8A9DBE73-4D31-4F5F-91BC-975DA2DF5339}.Debug|ARM64.ActiveCfg = Debug|Any CPU
		{8A9DBE73-4D31-4F5F-91BC-975DA2DF5339}.Debug|ARM64.Build.0 = Debug|Any CPU
		{8A9DBE73-4D31-4F5F-91BC-975DA2DF5339}.Debug|x64.ActiveCfg = Debug|Any CPU
		{8A9DBE73-4D31-4F5F-91BC-975DA2DF5339}.Debug|x64.Build.0 = Debug|Any CPU
		{8A9DBE73-4D31-4F5F-91BC-975DA2DF5339}.Debug|x86.ActiveCfg = Debug|Any CPU
		{8A9DBE73-4D31-4F5F-91BC-975DA2DF5339}.Debug|x86.Build.0 = Debug|Any CPU
		{8A9DBE73-4D31-4F5F-91BC-975DA2DF5339}.Release|Any CPU.ActiveCfg = Release|Any CPU
		{8A9DBE73-4D31-4F5F-91BC-975DA2DF5339}.Release|Any CPU.Build.0 = Release|Any CPU
		{8A9DBE73-4D31-4F5F-91BC-975DA2DF5339}.Release|ARM.ActiveCfg = Release|Any CPU
		{8A9DBE73-4D31-4F5F-91BC-975DA2DF5339}.Release|ARM.Build.0 = Release|Any CPU
		{8A9DBE73-4D31-4F5F-91BC-975DA2DF5339}.Release|ARM64.ActiveCfg = Release|Any CPU
		{8A9DBE73-4D31-4F5F-91BC-975DA2DF5339}.Release|ARM64.Build.0 = Release|Any CPU
		{8A9DBE73-4D31-4F5F-91BC-975DA2DF5339}.Release|x64.ActiveCfg = Release|Any CPU
		{8A9DBE73-4D31-4F5F-91BC-975DA2DF5339}.Release|x64.Build.0 = Release|Any CPU
		{8A9DBE73-4D31-4F5F-91BC-975DA2DF5339}.Release|x86.ActiveCfg = Release|Any CPU
		{8A9DBE73-4D31-4F5F-91BC-975DA2DF5339}.Release|x86.Build.0 = Release|Any CPU
	EndGlobalSection
	GlobalSection(SolutionProperties) = preSolution
		HideSolutionNode = FALSE
	EndGlobalSection
	GlobalSection(ExtensibilityGlobals) = postSolution
		SolutionGuid = {199D0247-8655-4E87-A01E-0665E508FF20}
	EndGlobalSection
EndGlobal
