
Microsoft Visual Studio Solution File, Format Version 12.00
# Visual Studio Version 16
VisualStudioVersion = 16.0.31112.23
MinimumVisualStudioVersion = 10.0.40219.1
Project("{9A19103F-16F7-4668-BE54-9A1E7A4F7556}") = "MoneyNoteBlazor", "MoneyNoteBlazor\MoneyNoteBlazor.csproj", "{1FE0183B-6C6D-4354-8D67-0AA40E768B43}"
EndProject
Project("{9A19103F-16F7-4668-BE54-9A1E7A4F7556}") = "MoneyNoteLibrary5", "MoneyNoteLibrary5\MoneyNoteLibrary5.csproj", "{50A85A79-CFE2-499F-82FA-CE6BB570939E}"
EndProject
Global
	GlobalSection(SolutionConfigurationPlatforms) = preSolution
		Debug|Any CPU = Debug|Any CPU
		Release|Any CPU = Release|Any CPU
	EndGlobalSection
	GlobalSection(ProjectConfigurationPlatforms) = postSolution
		{1FE0183B-6C6D-4354-8D67-0AA40E768B43}.Debug|Any CPU.ActiveCfg = Debug|Any CPU
		{1FE0183B-6C6D-4354-8D67-0AA40E768B43}.Debug|Any CPU.Build.0 = Debug|Any CPU
		{1FE0183B-6C6D-4354-8D67-0AA40E768B43}.Release|Any CPU.ActiveCfg = Release|Any CPU
		{1FE0183B-6C6D-4354-8D67-0AA40E768B43}.Release|Any CPU.Build.0 = Release|Any CPU
		{50A85A79-CFE2-499F-82FA-CE6BB570939E}.Debug|Any CPU.ActiveCfg = Debug|Any CPU
		{50A85A79-CFE2-499F-82FA-CE6BB570939E}.Debug|Any CPU.Build.0 = Debug|Any CPU
		{50A85A79-CFE2-499F-82FA-CE6BB570939E}.Release|Any CPU.ActiveCfg = Release|Any CPU
		{50A85A79-CFE2-499F-82FA-CE6BB570939E}.Release|Any CPU.Build.0 = Release|Any CPU
	EndGlobalSection
	GlobalSection(SolutionProperties) = preSolution
		HideSolutionNode = FALSE
	EndGlobalSection
	GlobalSection(ExtensibilityGlobals) = postSolution
		SolutionGuid = {27BF6092-4CB0-43D3-875E-9F4B80568C93}
	EndGlobalSection
EndGlobal
